// !$*UTF8*$!
{
	archiveVersion = 1;
	classes = {
	};
	objectVersion = 46;
	objects = {

/* Begin PBXBuildFile section */
		A2FF50611C30D5660097F12C /* main.m in Sources */ = {isa = PBXBuildFile; fileRef = A2FF50601C30D5660097F12C /* main.m */; };
		A2FF506A1C30D6FD0097F12C /* NSObject+runtime.m in Sources */ = {isa = PBXBuildFile; fileRef = A2FF50691C30D6FD0097F12C /* NSObject+runtime.m */; };
		A2FF506E1C30D7550097F12C /* AcModel.m in Sources */ = {isa = PBXBuildFile; fileRef = A2FF506D1C30D7550097F12C /* AcModel.m */; };
		A2FF50731C30D8C80097F12C /* AcModel+category.m in Sources */ = {isa = PBXBuildFile; fileRef = A2FF50721C30D8C80097F12C /* AcModel+category.m */; };
/* End PBXBuildFile section */

/* Begin PBXCopyFilesBuildPhase section */
		A2FF505B1C30D5660097F12C /* CopyFiles */ = {
			isa = PBXCopyFilesBuildPhase;
			buildActionMask = 2147483647;
			dstPath = /usr/share/man/man1/;
			dstSubfolderSpec = 0;
			files = (
			);
			runOnlyForDeploymentPostprocessing = 1;
		};
/* End PBXCopyFilesBuildPhase section */

/* Begin PBXFileReference section */
		A2FF505D1C30D5660097F12C /* RuntimeDemo */ = {isa = PBXFileReference; explicitFileType = "compiled.mach-o.executable"; includeInIndex = 0; path = RuntimeDemo; sourceTree = BUILT_PRODUCTS_DIR; };
		A2FF50601C30D5660097F12C /* main.m */ = {isa = PBXFileReference; lastKnownFileType = sourcecode.c.objc; path = main.m; sourceTree = "<group>"; };
		A2FF50681C30D6FD0097F12C /* NSObject+runtime.h */ = {isa = PBXFileReference; fileEncoding = 4; lastKnownFileType = sourcecode.c.h; path = "NSObject+runtime.h"; sourceTree = "<group>"; };
		A2FF50691C30D6FD0097F12C /* NSObject+runtime.m */ = {isa = PBXFileReference; fileEncoding = 4; lastKnownFileType = sourcecode.c.objc; path = "NSObject+runtime.m"; sourceTree = "<group>"; };
		A2FF506C1C30D7550097F12C /* AcModel.h */ = {isa = PBXFileReference; fileEncoding = 4; lastKnownFileType = sourcecode.c.h; path = AcModel.h; sourceTree = "<group>"; };
		A2FF506D1C30D7550097F12C /* AcModel.m */ = {isa = PBXFileReference; fileEncoding = 4; lastKnownFileType = sourcecode.c.objc; path = AcModel.m; sourceTree = "<group>"; };
		A2FF50711C30D8C80097F12C /* AcModel+category.h */ = {isa = PBXFileReference; fileEncoding = 4; lastKnownFileType = sourcecode.c.h; path = "AcModel+category.h"; sourceTree = "<group>"; };
		A2FF50721C30D8C80097F12C /* AcModel+category.m */ = {isa = PBXFileReference; fileEncoding = 4; lastKnownFileType = sourcecode.c.objc; path = "AcModel+category.m"; sourceTree = "<group>"; };
		A2FF50751C30D8F90097F12C /* AcProtocol.h */ = {isa = PBXFileReference; fileEncoding = 4; lastKnownFileType = sourcecode.c.h; path = AcProtocol.h; sourceTree = "<group>"; };
		A2FF50761C30D91C0097F12C /* AcProtocol_private.h */ = {isa = PBXFileReference; fileEncoding = 4; lastKnownFileType = sourcecode.c.h; path = AcProtocol_private.h; sourceTree = "<group>"; };
/* End PBXFileReference section */

/* Begin PBXFrameworksBuildPhase section */
		A2FF505A1C30D5660097F12C /* Frameworks */ = {
			isa = PBXFrameworksBuildPhase;
			buildActionMask = 2147483647;
			files = (
			);
			runOnlyForDeploymentPostprocessing = 0;
		};
/* End PBXFrameworksBuildPhase section */

/* Begin PBXGroup section */
		A2FF50541C30D5660097F12C = {
			isa = PBXGroup;
			children = (
				A2FF505F1C30D5660097F12C /* RuntimeDemo */,
				A2FF505E1C30D5660097F12C /* Products */,
			);
			sourceTree = "<group>";
		};
		A2FF505E1C30D5660097F12C /* Products */ = {
			isa = PBXGroup;
			children = (
				A2FF505D1C30D5660097F12C /* RuntimeDemo */,
			);
			name = Products;
			sourceTree = "<group>";
		};
		A2FF505F1C30D5660097F12C /* RuntimeDemo */ = {
			isa = PBXGroup;
			children = (
				A2FF506B1C30D7450097F12C /* model */,
				A2FF50671C30D6FD0097F12C /* Tool */,
				A2FF50601C30D5660097F12C /* main.m */,
			);
			path = RuntimeDemo;
			sourceTree = "<group>";
		};
		A2FF50671C30D6FD0097F12C /* Tool */ = {
			isa = PBXGroup;
			children = (
				A2FF50681C30D6FD0097F12C /* NSObject+runtime.h */,
				A2FF50691C30D6FD0097F12C /* NSObject+runtime.m */,
			);
			path = Tool;
			sourceTree = "<group>";
		};
		A2FF506B1C30D7450097F12C /* model */ = {
			isa = PBXGroup;
			children = (
				A2FF506C1C30D7550097F12C /* AcModel.h */,
				A2FF506D1C30D7550097F12C /* AcModel.m */,
				A2FF50711C30D8C80097F12C /* AcModel+category.h */,
				A2FF50721C30D8C80097F12C /* AcModel+category.m */,
				A2FF50751C30D8F90097F12C /* AcProtocol.h */,
				A2FF50761C30D91C0097F12C /* AcProtocol_private.h */,
			);
			path = model;
			sourceTree = "<group>";
		};
/* End PBXGroup section */

/* Begin PBXNativeTarget section */
		A2FF505C1C30D5660097F12C /* RuntimeDemo */ = {
			isa = PBXNativeTarget;
			buildConfigurationList = A2FF50641C30D5660097F12C /* Build configuration list for PBXNativeTarget "RuntimeDemo" */;
			buildPhases = (
				A2FF50591C30D5660097F12C /* Sources */,
				A2FF505A1C30D5660097F12C /* Frameworks */,
				A2FF505B1C30D5660097F12C /* CopyFiles */,
			);
			buildRules = (
			);
			dependencies = (
			);
			name = RuntimeDemo;
			productName = RuntimeDemo;
			productReference = A2FF505D1C30D5660097F12C /* RuntimeDemo */;
			productType = "com.apple.product-type.tool";
		};
/* End PBXNativeTarget section */

/* Begin PBXProject section */
		A2FF50551C30D5660097F12C /* Project object */ = {
			isa = PBXProject;
			attributes = {
				LastUpgradeCheck = 0720;
				ORGANIZATIONNAME = Ancc;
				TargetAttributes = {
					A2FF505C1C30D5660097F12C = {
						CreatedOnToolsVersion = 7.2;
					};
				};
			};
			buildConfigurationList = A2FF50581C30D5660097F12C /* Build configuration list for PBXProject "RuntimeDemo" */;
			compatibilityVersion = "Xcode 3.2";
			developmentRegion = English;
			hasScannedForEncodings = 0;
			knownRegions = (
				en,
			);
			mainGroup = A2FF50541C30D5660097F12C;
			productRefGroup = A2FF505E1C30D5660097F12C /* Products */;
			projectDirPath = "";
			projectRoot = "";
			targets = (
				A2FF505C1C30D5660097F12C /* RuntimeDemo */,
			);
		};
/* End PBXProject section */

/* Begin PBXSourcesBuildPhase section */
		A2FF50591C30D5660097F12C /* Sources */ = {
			isa = PBXSourcesBuildPhase;
			buildActionMask = 2147483647;
			files = (
				A2FF506E1C30D7550097F12C /* AcModel.m in Sources */,
				A2FF506A1C30D6FD0097F12C /* NSObject+runtime.m in Sources */,
				A2FF50611C30D5660097F12C /* main.m in Sources */,
				A2FF50731C30D8C80097F12C /* AcModel+category.m in Sources */,
			);
			runOnlyForDeploymentPostprocessing = 0;
		};
/* End PBXSourcesBuildPhase section */

/* Begin XCBuildConfiguration section */
		A2FF50621C30D5660097F12C /* Debug */ = {
			isa = XCBuildConfiguration;
			buildSettings = {
				ALWAYS_SEARCH_USER_PATHS = NO;
				CLANG_CXX_LANGUAGE_STANDARD = "gnu++0x";
				CLANG_CXX_LIBRARY = "libc++";
				CLANG_ENABLE_MODULES = YES;
				CLANG_ENABLE_OBJC_ARC = YES;
				CLANG_WARN_BOOL_CONVERSION = YES;
				CLANG_WARN_CONSTANT_CONVERSION = YES;
				CLANG_WARN_DIRECT_OBJC_ISA_USAGE = YES_ERROR;
				CLANG_WARN_EMPTY_BODY = YES;
				CLANG_WARN_ENUM_CONVERSION = YES;
				CLANG_WARN_INT_CONVERSION = YES;
				CLANG_WARN_OBJC_ROOT_CLASS = YES_ERROR;
				CLANG_WARN_UNREACHABLE_CODE = YES;
				CLANG_WARN__DUPLICATE_METHOD_MATCH = YES;
				CODE_SIGN_IDENTITY = "-";
				COPY_PHASE_STRIP = NO;
				DEBUG_INFORMATION_FORMAT = dwarf;
				ENABLE_STRICT_OBJC_MSGSEND = YES;
				ENABLE_TESTABILITY = YES;
				GCC_C_LANGUAGE_STANDARD = gnu99;
				GCC_DYNAMIC_NO_PIC = NO;
				GCC_NO_COMMON_BLOCKS = YES;
				GCC_OPTIMIZATION_LEVEL = 0;
				GCC_PREPROCESSOR_DEFINITIONS = (
					"DEBUG=1",
					"$(inherited)",
				);
				GCC_WARN_64_TO_32_BIT_CONVERSION = YES;
				GCC_WARN_ABOUT_RETURN_TYPE = YES_ERROR;
				GCC_WARN_UNDECLARED_SELECTOR = YES;
				GCC_WARN_UNINITIALIZED_AUTOS = YES_AGGRESSIVE;
				GCC_WARN_UNUSED_FUNCTION = YES;
				GCC_WARN_UNUSED_VARIABLE = YES;
				MACOSX_DEPLOYMENT_TARGET = 10.11;
				MTL_ENABLE_DEBUG_INFO = YES;
				ONLY_ACTIVE_ARCH = YES;
				SDKROOT = macosx;
			};
			name = Debug;
		};
		A2FF50631C30D5660097F12C /* Release */ = {
			isa = XCBuildConfiguration;
			buildSettings = {
				ALWAYS_SEARCH_USER_PATHS = NO;
				CLANG_CXX_LANGUAGE_STANDARD = "gnu++0x";
				CLANG_CXX_LIBRARY = "libc++";
				CLANG_ENABLE_MODULES = YES;
				CLANG_ENABLE_OBJC_ARC = YES;
				CLANG_WARN_BOOL_CONVERSION = YES;
				CLANG_WARN_CONSTANT_CONVERSION = YES;
				CLANG_WARN_DIRECT_OBJC_ISA_USAGE = YES_ERROR;
				CLANG_WARN_EMPTY_BODY = YES;
				CLANG_WARN_ENUM_CONVERSION = YES;
				CLANG_WARN_INT_CONVERSION = YES;
				CLANG_WARN_OBJC_ROOT_CLASS = YES_ERROR;
				CLANG_WARN_UNREACHABLE_CODE = YES;
				CLANG_WARN__DUPLICATE_METHOD_MATCH = YES;
				CODE_SIGN_IDENTITY = "-";
				COPY_PHASE_STRIP = NO;
				DEBUG_INFORMATION_FORMAT = "dwarf-with-dsym";
				ENABLE_NS_ASSERTIONS = NO;
				ENABLE_STRICT_OBJC_MSGSEND = YES;
				GCC_C_LANGUAGE_STANDARD = gnu99;
				GCC_NO_COMMON_BLOCKS = YES;
				GCC_WARN_64_TO_32_BIT_CONVERSION = YES;
				GCC_WARN_ABOUT_RETURN_TYPE = YES_ERROR;
				GCC_WARN_UNDECLARED_SELECTOR = YES;
				GCC_WARN_UNINITIALIZED_AUTOS = YES_AGGRESSIVE;
				GCC_WARN_UNUSED_FUNCTION = YES;
				GCC_WARN_UNUSED_VARIABLE = YES;
				MACOSX_DEPLOYMENT_TARGET = 10.11;
				MTL_ENABLE_DEBUG_INFO = NO;
				SDKROOT = macosx;
			};
			name = Release;
		};
		A2FF50651C30D5660097F12C /* Debug */ = {
			isa = XCBuildConfiguration;
			buildSettings = {
				ENABLE_STRICT_OBJC_MSGSEND = NO;
				PRODUCT_NAME = "$(TARGET_NAME)";
			};
			name = Debug;
		};
		A2FF50661C30D5660097F12C /* Release */ = {
			isa = XCBuildConfiguration;
			buildSettings = {
				ENABLE_STRICT_OBJC_MSGSEND = NO;
				PRODUCT_NAME = "$(TARGET_NAME)";
			};
			name = Release;
		};
/* End XCBuildConfiguration section */

/* Begin XCConfigurationList section */
		A2FF50581C30D5660097F12C /* Build configuration list for PBXProject "RuntimeDemo" */ = {
			isa = XCConfigurationList;
			buildConfigurations = (
				A2FF50621C30D5660097F12C /* Debug */,
				A2FF50631C30D5660097F12C /* Release */,
			);
			defaultConfigurationIsVisible = 0;
			defaultConfigurationName = Release;
		};
		A2FF50641C30D5660097F12C /* Build configuration list for PBXNativeTarget "RuntimeDemo" */ = {
			isa = XCConfigurationList;
			buildConfigurations = (
				A2FF50651C30D5660097F12C /* Debug */,
				A2FF50661C30D5660097F12C /* Release */,
			);
			defaultConfigurationIsVisible = 0;
			defaultConfigurationName = Release;
		};
/* End XCConfigurationList section */
	};
	rootObject = A2FF50551C30D5660097F12C /* Project object */;
}
